<?xml version="1.0" encoding="UTF-8" standalone="yes" ?>
<CodeBlocks_project_file>
	<FileVersion major="1" minor="6" />
	<Project>
		<Option title="AlbumDeArchivos" />
		<Option makefile_is_custom="1" />
		<Option pch_mode="2" />
		<Option compiler="gcc" />
		<Build>
			<Target title="Debug">
				<Option output="bin/Debug/AlbumDeArchivos" prefix_auto="1" extension_auto="1" />
				<Option object_output="obj/Debug/" />
				<Option type="1" />
				<Option compiler="gcc" />
				<Compiler>
					<Add option="-g" />
				</Compiler>
			</Target>
			<Target title="Release">
				<Option output="bin/Release/AlbumDeArchivos" prefix_auto="1" extension_auto="1" />
				<Option object_output="obj/Release/" />
				<Option type="1" />
				<Option compiler="gcc" />
				<Compiler>
					<Add option="-O2" />
				</Compiler>
				<Linker>
					<Add option="-s" />
				</Linker>
			</Target>
			<Target title="all">
				<Option output="bin/all/AlbumDeArchivos" prefix_auto="1" extension_auto="1" />
				<Option working_dir="bin/all/" />
				<Option object_output="obj/all/" />
				<Option type="1" />
				<Option compiler="gcc" />
				<Compiler>
					<Add option="-O2" />
				</Compiler>
				<Linker>
					<Add option="-s" />
				</Linker>
			</Target>
			<Target title="run_linux-0.00mod">
				<Option output="bin/run_linux-0.00mod/AlbumDeArchivos" prefix_auto="1" extension_auto="1" />
				<Option working_dir="bin/run_linux-0.00mod/" />
				<Option object_output="obj/run_linux-0.00mod/" />
				<Option type="1" />
				<Option compiler="gcc" />
				<Compiler>
					<Add option="-O2" />
				</Compiler>
				<Linker>
					<Add option="-s" />
				</Linker>
			</Target>
		</Build>
		<Compiler>
			<Add option="-Wall" />
		</Compiler>
		<Unit filename="linux-0.00mod/boot/boot.s">
			<Option target="all" />
			<Option target="run_linux-0.00mod" />
		</Unit>
		<Unit filename="linux-0.00mod/boot/head.s">
			<Option target="all" />
			<Option target="run_linux-0.00mod" />
		</Unit>
		<Extensions />
	</Project>
</CodeBlocks_project_file>
